
Microsoft Visual Studio Solution File, Format Version 12.00
# Visual Studio Version 17
VisualStudioVersion = 17.12.35506.116
MinimumVisualStudioVersion = 10.0.40219.1
Project("{FAE04EC0-301F-11D3-BF4B-00C04F79EFBC}") = "Blazor_Server", "Blazor_Server\Blazor_Server.csproj", "{A58AC308-6C3D-467F-9E1C-F9A3F1290769}"
EndProject
Project("{FAE04EC0-301F-11D3-BF4B-00C04F79EFBC}") = "Core", "Core\Core.csproj", "{E8E57882-0B45-4FB8-AA36-4B0DC5FF55D9}"
EndProject
Project("{FAE04EC0-301F-11D3-BF4B-00C04F79EFBC}") = "Application", "Application\Application.csproj", "{F3E729C0-A92E-4CCC-A604-D37289B76924}"
EndProject
Project("{FAE04EC0-301F-11D3-BF4B-00C04F79EFBC}") = "Infrastructure", "Infrastructure\Infrastructure.csproj", "{F2646722-23CD-48A3-BB71-1B8027459684}"
EndProject
Project("{2150E333-8FDC-42A3-9474-1A3956D46DE8}") = "UI", "UI", "{61A85204-738E-425E-901B-2608065AA5DA}"
EndProject
Project("{FAE04EC0-301F-11D3-BF4B-00C04F79EFBC}") = "API", "API\API.csproj", "{929AB02A-CBF1-4EC0-BADD-F864C0443A5F}"
EndProject
Project("{FAE04EC0-301F-11D3-BF4B-00C04F79EFBC}") = "Blazor_Wasm", "Blazor_Wasm\Blazor_Wasm.csproj", "{624045BF-D475-4DBD-A161-19AAC1DEC88D}"
EndProject
Project("{2150E333-8FDC-42A3-9474-1A3956D46DE8}") = "Demos", "Demos", "{BFE362BD-B5B7-40C3-8BFD-100B7E0DF522}"
EndProject
Project("{FAE04EC0-301F-11D3-BF4B-00C04F79EFBC}") = "SeleniumDemo", "Demos\SeleniumDemo\SeleniumDemo\SeleniumDemo.csproj", "{D32F7A4E-32DE-4FB6-A681-AAE53B2E01E8}"
EndProject
Project("{FAE04EC0-301F-11D3-BF4B-00C04F79EFBC}") = "Map.ComponentLibrary", "Map.ComponentLibrary\Map.ComponentLibrary.csproj", "{3433101D-09F6-470C-B2BD-8F192E8CD6F0}"
EndProject
Project("{2150E333-8FDC-42A3-9474-1A3956D46DE8}") = "Tests", "Tests", "{B074D04A-8AD4-428A-A543-FF269A98ADFE}"
EndProject
Project("{2150E333-8FDC-42A3-9474-1A3956D46DE8}") = "src", "src", "{844D87B3-BB57-4AFC-B7CE-093D085707F5}"
EndProject
Project("{2150E333-8FDC-42A3-9474-1A3956D46DE8}") = "UI", "UI", "{3C7F31B6-D2CC-4FA3-8CB3-2433C2E8CC24}"
EndProject
Project("{FAE04EC0-301F-11D3-BF4B-00C04F79EFBC}") = "Blazor_Server.Test", "Blazor_Server.Test\Blazor_Server.Test.csproj", "{764BB24B-DEB0-492D-B009-5BE7AC9EFFA4}"
EndProject
Project("{2150E333-8FDC-42A3-9474-1A3956D46DE8}") = "LongRunningTasks", "LongRunningTasks", "{2009B440-DA30-46FA-BAA6-3CB16D965D24}"
EndProject
Project("{FAE04EC0-301F-11D3-BF4B-00C04F79EFBC}") = "Demo1Await", "Demo1Await\Demo1Await.csproj", "{559857CD-3C54-4620-9A11-8C323312BB3D}"
EndProject
Project("{FAE04EC0-301F-11D3-BF4B-00C04F79EFBC}") = "Demo2Concurrent", "Demo2Concurrent\Demo2Concurrent.csproj", "{5AA28C4D-9778-406A-BA3E-2772352AF5CD}"
EndProject
Project("{FAE04EC0-301F-11D3-BF4B-00C04F79EFBC}") = "Demo3ReadPages", "Demo3ReadPages\Demo3ReadPages.csproj", "{8A830336-3783-4EED-BD64-1AF981C3C203}"
EndProject
Project("{FAE04EC0-301F-11D3-BF4B-00C04F79EFBC}") = "Demo4CancelToken", "Demo4CancelToken\Demo4CancelToken.csproj", "{1D3E24D1-86DF-400B-8093-0A6E7DF1E855}"
EndProject
Project("{2150E333-8FDC-42A3-9474-1A3956D46DE8}") = "MultiThreading", "MultiThreading", "{6D1D58DA-49D2-4814-BF53-4EB04E9BDBEF}"
EndProject
Project("{FAE04EC0-301F-11D3-BF4B-00C04F79EFBC}") = "Demo1", "Demo1\Demo1.csproj", "{AF80231E-0E4D-4B28-A961-FAA8EDC8E362}"
EndProject
Project("{FAE04EC0-301F-11D3-BF4B-00C04F79EFBC}") = "Demo2ParallelForForEach", "Demo2Parallel\Demo2ParallelForForEach.csproj", "{837BE053-6A0A-4CD2-986B-D7CC54F65AA1}"
EndProject
Project("{FAE04EC0-301F-11D3-BF4B-00C04F79EFBC}") = "Demo3Lock", "Demo3Lock\Demo3Lock.csproj", "{9D00807B-6E3B-431D-8B5A-079DC5B83F28}"
EndProject
Project("{FAE04EC0-301F-11D3-BF4B-00C04F79EFBC}") = "BackgroundServiceDemo", "Demo1BS\BackgroundServiceDemo.csproj", "{A74567FD-D4EC-4D32-A537-A0A0A801F5AC}"
EndProject
Project("{2150E333-8FDC-42A3-9474-1A3956D46DE8}") = "HangfireDemos", "HangfireDemos", "{8F015DC1-EF90-48AC-8574-904057F236E8}"
EndProject
Project("{2150E333-8FDC-42A3-9474-1A3956D46DE8}") = "MultiThreadingDemos", "MultiThreadingDemos", "{D6FA6F18-319C-4255-AD31-61E64F7D35DC}"
EndProject
Project("{FAE04EC0-301F-11D3-BF4B-00C04F79EFBC}") = "HangfireDemo1", "HangfireDemo1\HangfireDemo1.csproj", "{0C289E60-0A51-4109-8884-ADD3C7C10DEE}"
EndProject
Global
	GlobalSection(SolutionConfigurationPlatforms) = preSolution
		Debug|Any CPU = Debug|Any CPU
		Release|Any CPU = Release|Any CPU
	EndGlobalSection
	GlobalSection(ProjectConfigurationPlatforms) = postSolution
		{A58AC308-6C3D-467F-9E1C-F9A3F1290769}.Debug|Any CPU.ActiveCfg = Debug|Any CPU
		{A58AC308-6C3D-467F-9E1C-F9A3F1290769}.Debug|Any CPU.Build.0 = Debug|Any CPU
		{A58AC308-6C3D-467F-9E1C-F9A3F1290769}.Release|Any CPU.ActiveCfg = Release|Any CPU
		{A58AC308-6C3D-467F-9E1C-F9A3F1290769}.Release|Any CPU.Build.0 = Release|Any CPU
		{E8E57882-0B45-4FB8-AA36-4B0DC5FF55D9}.Debug|Any CPU.ActiveCfg = Debug|Any CPU
		{E8E57882-0B45-4FB8-AA36-4B0DC5FF55D9}.Debug|Any CPU.Build.0 = Debug|Any CPU
		{E8E57882-0B45-4FB8-AA36-4B0DC5FF55D9}.Release|Any CPU.ActiveCfg = Release|Any CPU
		{E8E57882-0B45-4FB8-AA36-4B0DC5FF55D9}.Release|Any CPU.Build.0 = Release|Any CPU
		{F3E729C0-A92E-4CCC-A604-D37289B76924}.Debug|Any CPU.ActiveCfg = Debug|Any CPU
		{F3E729C0-A92E-4CCC-A604-D37289B76924}.Debug|Any CPU.Build.0 = Debug|Any CPU
		{F3E729C0-A92E-4CCC-A604-D37289B76924}.Release|Any CPU.ActiveCfg = Release|Any CPU
		{F3E729C0-A92E-4CCC-A604-D37289B76924}.Release|Any CPU.Build.0 = Release|Any CPU
		{F2646722-23CD-48A3-BB71-1B8027459684}.Debug|Any CPU.ActiveCfg = Debug|Any CPU
		{F2646722-23CD-48A3-BB71-1B8027459684}.Debug|Any CPU.Build.0 = Debug|Any CPU
		{F2646722-23CD-48A3-BB71-1B8027459684}.Release|Any CPU.ActiveCfg = Release|Any CPU
		{F2646722-23CD-48A3-BB71-1B8027459684}.Release|Any CPU.Build.0 = Release|Any CPU
		{929AB02A-CBF1-4EC0-BADD-F864C0443A5F}.Debug|Any CPU.ActiveCfg = Debug|Any CPU
		{929AB02A-CBF1-4EC0-BADD-F864C0443A5F}.Debug|Any CPU.Build.0 = Debug|Any CPU
		{929AB02A-CBF1-4EC0-BADD-F864C0443A5F}.Release|Any CPU.ActiveCfg = Release|Any CPU
		{929AB02A-CBF1-4EC0-BADD-F864C0443A5F}.Release|Any CPU.Build.0 = Release|Any CPU
		{624045BF-D475-4DBD-A161-19AAC1DEC88D}.Debug|Any CPU.ActiveCfg = Debug|Any CPU
		{624045BF-D475-4DBD-A161-19AAC1DEC88D}.Debug|Any CPU.Build.0 = Debug|Any CPU
		{624045BF-D475-4DBD-A161-19AAC1DEC88D}.Release|Any CPU.ActiveCfg = Release|Any CPU
		{624045BF-D475-4DBD-A161-19AAC1DEC88D}.Release|Any CPU.Build.0 = Release|Any CPU
		{D32F7A4E-32DE-4FB6-A681-AAE53B2E01E8}.Debug|Any CPU.ActiveCfg = Debug|Any CPU
		{D32F7A4E-32DE-4FB6-A681-AAE53B2E01E8}.Debug|Any CPU.Build.0 = Debug|Any CPU
		{D32F7A4E-32DE-4FB6-A681-AAE53B2E01E8}.Release|Any CPU.ActiveCfg = Release|Any CPU
		{D32F7A4E-32DE-4FB6-A681-AAE53B2E01E8}.Release|Any CPU.Build.0 = Release|Any CPU
		{3433101D-09F6-470C-B2BD-8F192E8CD6F0}.Debug|Any CPU.ActiveCfg = Debug|Any CPU
		{3433101D-09F6-470C-B2BD-8F192E8CD6F0}.Debug|Any CPU.Build.0 = Debug|Any CPU
		{3433101D-09F6-470C-B2BD-8F192E8CD6F0}.Release|Any CPU.ActiveCfg = Release|Any CPU
		{3433101D-09F6-470C-B2BD-8F192E8CD6F0}.Release|Any CPU.Build.0 = Release|Any CPU
		{764BB24B-DEB0-492D-B009-5BE7AC9EFFA4}.Debug|Any CPU.ActiveCfg = Debug|Any CPU
		{764BB24B-DEB0-492D-B009-5BE7AC9EFFA4}.Debug|Any CPU.Build.0 = Debug|Any CPU
		{764BB24B-DEB0-492D-B009-5BE7AC9EFFA4}.Release|Any CPU.ActiveCfg = Release|Any CPU
		{764BB24B-DEB0-492D-B009-5BE7AC9EFFA4}.Release|Any CPU.Build.0 = Release|Any CPU
		{559857CD-3C54-4620-9A11-8C323312BB3D}.Debug|Any CPU.ActiveCfg = Debug|Any CPU
		{559857CD-3C54-4620-9A11-8C323312BB3D}.Debug|Any CPU.Build.0 = Debug|Any CPU
		{559857CD-3C54-4620-9A11-8C323312BB3D}.Release|Any CPU.ActiveCfg = Release|Any CPU
		{559857CD-3C54-4620-9A11-8C323312BB3D}.Release|Any CPU.Build.0 = Release|Any CPU
		{5AA28C4D-9778-406A-BA3E-2772352AF5CD}.Debug|Any CPU.ActiveCfg = Debug|Any CPU
		{5AA28C4D-9778-406A-BA3E-2772352AF5CD}.Debug|Any CPU.Build.0 = Debug|Any CPU
		{5AA28C4D-9778-406A-BA3E-2772352AF5CD}.Release|Any CPU.ActiveCfg = Release|Any CPU
		{5AA28C4D-9778-406A-BA3E-2772352AF5CD}.Release|Any CPU.Build.0 = Release|Any CPU
		{8A830336-3783-4EED-BD64-1AF981C3C203}.Debug|Any CPU.ActiveCfg = Debug|Any CPU
		{8A830336-3783-4EED-BD64-1AF981C3C203}.Debug|Any CPU.Build.0 = Debug|Any CPU
		{8A830336-3783-4EED-BD64-1AF981C3C203}.Release|Any CPU.ActiveCfg = Release|Any CPU
		{8A830336-3783-4EED-BD64-1AF981C3C203}.Release|Any CPU.Build.0 = Release|Any CPU
		{1D3E24D1-86DF-400B-8093-0A6E7DF1E855}.Debug|Any CPU.ActiveCfg = Debug|Any CPU
		{1D3E24D1-86DF-400B-8093-0A6E7DF1E855}.Debug|Any CPU.Build.0 = Debug|Any CPU
		{1D3E24D1-86DF-400B-8093-0A6E7DF1E855}.Release|Any CPU.ActiveCfg = Release|Any CPU
		{1D3E24D1-86DF-400B-8093-0A6E7DF1E855}.Release|Any CPU.Build.0 = Release|Any CPU
		{AF80231E-0E4D-4B28-A961-FAA8EDC8E362}.Debug|Any CPU.ActiveCfg = Debug|Any CPU
		{AF80231E-0E4D-4B28-A961-FAA8EDC8E362}.Debug|Any CPU.Build.0 = Debug|Any CPU
		{AF80231E-0E4D-4B28-A961-FAA8EDC8E362}.Release|Any CPU.ActiveCfg = Release|Any CPU
		{AF80231E-0E4D-4B28-A961-FAA8EDC8E362}.Release|Any CPU.Build.0 = Release|Any CPU
		{837BE053-6A0A-4CD2-986B-D7CC54F65AA1}.Debug|Any CPU.ActiveCfg = Debug|Any CPU
		{837BE053-6A0A-4CD2-986B-D7CC54F65AA1}.Debug|Any CPU.Build.0 = Debug|Any CPU
		{837BE053-6A0A-4CD2-986B-D7CC54F65AA1}.Release|Any CPU.ActiveCfg = Release|Any CPU
		{837BE053-6A0A-4CD2-986B-D7CC54F65AA1}.Release|Any CPU.Build.0 = Release|Any CPU
		{9D00807B-6E3B-431D-8B5A-079DC5B83F28}.Debug|Any CPU.ActiveCfg = Debug|Any CPU
		{9D00807B-6E3B-431D-8B5A-079DC5B83F28}.Debug|Any CPU.Build.0 = Debug|Any CPU
		{9D00807B-6E3B-431D-8B5A-079DC5B83F28}.Release|Any CPU.ActiveCfg = Release|Any CPU
		{9D00807B-6E3B-431D-8B5A-079DC5B83F28}.Release|Any CPU.Build.0 = Release|Any CPU
		{A74567FD-D4EC-4D32-A537-A0A0A801F5AC}.Debug|Any CPU.ActiveCfg = Debug|Any CPU
		{A74567FD-D4EC-4D32-A537-A0A0A801F5AC}.Debug|Any CPU.Build.0 = Debug|Any CPU
		{A74567FD-D4EC-4D32-A537-A0A0A801F5AC}.Release|Any CPU.ActiveCfg = Release|Any CPU
		{A74567FD-D4EC-4D32-A537-A0A0A801F5AC}.Release|Any CPU.Build.0 = Release|Any CPU
		{0C289E60-0A51-4109-8884-ADD3C7C10DEE}.Debug|Any CPU.ActiveCfg = Debug|Any CPU
		{0C289E60-0A51-4109-8884-ADD3C7C10DEE}.Debug|Any CPU.Build.0 = Debug|Any CPU
		{0C289E60-0A51-4109-8884-ADD3C7C10DEE}.Release|Any CPU.ActiveCfg = Release|Any CPU
		{0C289E60-0A51-4109-8884-ADD3C7C10DEE}.Release|Any CPU.Build.0 = Release|Any CPU
	EndGlobalSection
	GlobalSection(SolutionProperties) = preSolution
		HideSolutionNode = FALSE
	EndGlobalSection
	GlobalSection(NestedProjects) = preSolution
		{A58AC308-6C3D-467F-9E1C-F9A3F1290769} = {61A85204-738E-425E-901B-2608065AA5DA}
		{E8E57882-0B45-4FB8-AA36-4B0DC5FF55D9} = {844D87B3-BB57-4AFC-B7CE-093D085707F5}
		{F3E729C0-A92E-4CCC-A604-D37289B76924} = {844D87B3-BB57-4AFC-B7CE-093D085707F5}
		{F2646722-23CD-48A3-BB71-1B8027459684} = {844D87B3-BB57-4AFC-B7CE-093D085707F5}
		{61A85204-738E-425E-901B-2608065AA5DA} = {844D87B3-BB57-4AFC-B7CE-093D085707F5}
		{929AB02A-CBF1-4EC0-BADD-F864C0443A5F} = {61A85204-738E-425E-901B-2608065AA5DA}
		{624045BF-D475-4DBD-A161-19AAC1DEC88D} = {61A85204-738E-425E-901B-2608065AA5DA}
		{BFE362BD-B5B7-40C3-8BFD-100B7E0DF522} = {844D87B3-BB57-4AFC-B7CE-093D085707F5}
		{D32F7A4E-32DE-4FB6-A681-AAE53B2E01E8} = {BFE362BD-B5B7-40C3-8BFD-100B7E0DF522}
		{3433101D-09F6-470C-B2BD-8F192E8CD6F0} = {61A85204-738E-425E-901B-2608065AA5DA}
		{3C7F31B6-D2CC-4FA3-8CB3-2433C2E8CC24} = {B074D04A-8AD4-428A-A543-FF269A98ADFE}
		{764BB24B-DEB0-492D-B009-5BE7AC9EFFA4} = {3C7F31B6-D2CC-4FA3-8CB3-2433C2E8CC24}
		{2009B440-DA30-46FA-BAA6-3CB16D965D24} = {D6FA6F18-319C-4255-AD31-61E64F7D35DC}
		{559857CD-3C54-4620-9A11-8C323312BB3D} = {2009B440-DA30-46FA-BAA6-3CB16D965D24}
		{5AA28C4D-9778-406A-BA3E-2772352AF5CD} = {2009B440-DA30-46FA-BAA6-3CB16D965D24}
		{8A830336-3783-4EED-BD64-1AF981C3C203} = {2009B440-DA30-46FA-BAA6-3CB16D965D24}
		{1D3E24D1-86DF-400B-8093-0A6E7DF1E855} = {2009B440-DA30-46FA-BAA6-3CB16D965D24}
		{6D1D58DA-49D2-4814-BF53-4EB04E9BDBEF} = {D6FA6F18-319C-4255-AD31-61E64F7D35DC}
		{AF80231E-0E4D-4B28-A961-FAA8EDC8E362} = {6D1D58DA-49D2-4814-BF53-4EB04E9BDBEF}
		{837BE053-6A0A-4CD2-986B-D7CC54F65AA1} = {6D1D58DA-49D2-4814-BF53-4EB04E9BDBEF}
		{9D00807B-6E3B-431D-8B5A-079DC5B83F28} = {6D1D58DA-49D2-4814-BF53-4EB04E9BDBEF}
		{A74567FD-D4EC-4D32-A537-A0A0A801F5AC} = {D6FA6F18-319C-4255-AD31-61E64F7D35DC}
		{8F015DC1-EF90-48AC-8574-904057F236E8} = {D6FA6F18-319C-4255-AD31-61E64F7D35DC}
		{D6FA6F18-319C-4255-AD31-61E64F7D35DC} = {BFE362BD-B5B7-40C3-8BFD-100B7E0DF522}
		{0C289E60-0A51-4109-8884-ADD3C7C10DEE} = {8F015DC1-EF90-48AC-8574-904057F236E8}
	EndGlobalSection
EndGlobal
