
Microsoft Visual Studio Solution File, Format Version 12.00
# Visual Studio Version 17
VisualStudioVersion = 17.12.35506.116
MinimumVisualStudioVersion = 10.0.40219.1
Project("{FAE04EC0-301F-11D3-BF4B-00C04F79EFBC}") = "Blazor_Server", "Blazor_Server\Blazor_Server.csproj", "{A58AC308-6C3D-467F-9E1C-F9A3F1290769}"
EndProject
Project("{FAE04EC0-301F-11D3-BF4B-00C04F79EFBC}") = "Domain", "Domain\Domain.csproj", "{E8E57882-0B45-4FB8-AA36-4B0DC5FF55D9}"
EndProject
Project("{FAE04EC0-301F-11D3-BF4B-00C04F79EFBC}") = "Application", "Application\Application.csproj", "{F3E729C0-A92E-4CCC-A604-D37289B76924}"
EndProject
Project("{FAE04EC0-301F-11D3-BF4B-00C04F79EFBC}") = "Infrastructure", "Infrastructure\Infrastructure.csproj", "{F2646722-23CD-48A3-BB71-1B8027459684}"
EndProject
Project("{2150E333-8FDC-42A3-9474-1A3956D46DE8}") = "Presentation", "Presentation", "{61A85204-738E-425E-901B-2608065AA5DA}"
EndProject
Project("{FAE04EC0-301F-11D3-BF4B-00C04F79EFBC}") = "API", "API\API.csproj", "{929AB02A-CBF1-4EC0-BADD-F864C0443A5F}"
EndProject
Project("{FAE04EC0-301F-11D3-BF4B-00C04F79EFBC}") = "Blazor_Wasm", "Blazor_Wasm\Blazor_Wasm.csproj", "{624045BF-D475-4DBD-A161-19AAC1DEC88D}"
EndProject
Global
	GlobalSection(SolutionConfigurationPlatforms) = preSolution
		Debug|Any CPU = Debug|Any CPU
		Release|Any CPU = Release|Any CPU
	EndGlobalSection
	GlobalSection(ProjectConfigurationPlatforms) = postSolution
		{A58AC308-6C3D-467F-9E1C-F9A3F1290769}.Debug|Any CPU.ActiveCfg = Debug|Any CPU
		{A58AC308-6C3D-467F-9E1C-F9A3F1290769}.Debug|Any CPU.Build.0 = Debug|Any CPU
		{A58AC308-6C3D-467F-9E1C-F9A3F1290769}.Release|Any CPU.ActiveCfg = Release|Any CPU
		{A58AC308-6C3D-467F-9E1C-F9A3F1290769}.Release|Any CPU.Build.0 = Release|Any CPU
		{E8E57882-0B45-4FB8-AA36-4B0DC5FF55D9}.Debug|Any CPU.ActiveCfg = Debug|Any CPU
		{E8E57882-0B45-4FB8-AA36-4B0DC5FF55D9}.Debug|Any CPU.Build.0 = Debug|Any CPU
		{E8E57882-0B45-4FB8-AA36-4B0DC5FF55D9}.Release|Any CPU.ActiveCfg = Release|Any CPU
		{E8E57882-0B45-4FB8-AA36-4B0DC5FF55D9}.Release|Any CPU.Build.0 = Release|Any CPU
		{F3E729C0-A92E-4CCC-A604-D37289B76924}.Debug|Any CPU.ActiveCfg = Debug|Any CPU
		{F3E729C0-A92E-4CCC-A604-D37289B76924}.Debug|Any CPU.Build.0 = Debug|Any CPU
		{F3E729C0-A92E-4CCC-A604-D37289B76924}.Release|Any CPU.ActiveCfg = Release|Any CPU
		{F3E729C0-A92E-4CCC-A604-D37289B76924}.Release|Any CPU.Build.0 = Release|Any CPU
		{F2646722-23CD-48A3-BB71-1B8027459684}.Debug|Any CPU.ActiveCfg = Debug|Any CPU
		{F2646722-23CD-48A3-BB71-1B8027459684}.Debug|Any CPU.Build.0 = Debug|Any CPU
		{F2646722-23CD-48A3-BB71-1B8027459684}.Release|Any CPU.ActiveCfg = Release|Any CPU
		{F2646722-23CD-48A3-BB71-1B8027459684}.Release|Any CPU.Build.0 = Release|Any CPU
		{929AB02A-CBF1-4EC0-BADD-F864C0443A5F}.Debug|Any CPU.ActiveCfg = Debug|Any CPU
		{929AB02A-CBF1-4EC0-BADD-F864C0443A5F}.Debug|Any CPU.Build.0 = Debug|Any CPU
		{929AB02A-CBF1-4EC0-BADD-F864C0443A5F}.Release|Any CPU.ActiveCfg = Release|Any CPU
		{929AB02A-CBF1-4EC0-BADD-F864C0443A5F}.Release|Any CPU.Build.0 = Release|Any CPU
		{624045BF-D475-4DBD-A161-19AAC1DEC88D}.Debug|Any CPU.ActiveCfg = Debug|Any CPU
		{624045BF-D475-4DBD-A161-19AAC1DEC88D}.Debug|Any CPU.Build.0 = Debug|Any CPU
		{624045BF-D475-4DBD-A161-19AAC1DEC88D}.Release|Any CPU.ActiveCfg = Release|Any CPU
		{624045BF-D475-4DBD-A161-19AAC1DEC88D}.Release|Any CPU.Build.0 = Release|Any CPU
	EndGlobalSection
	GlobalSection(SolutionProperties) = preSolution
		HideSolutionNode = FALSE
	EndGlobalSection
	GlobalSection(NestedProjects) = preSolution
		{A58AC308-6C3D-467F-9E1C-F9A3F1290769} = {61A85204-738E-425E-901B-2608065AA5DA}
		{929AB02A-CBF1-4EC0-BADD-F864C0443A5F} = {61A85204-738E-425E-901B-2608065AA5DA}
		{624045BF-D475-4DBD-A161-19AAC1DEC88D} = {61A85204-738E-425E-901B-2608065AA5DA}
	EndGlobalSection
EndGlobal
